Microsoft Visual Studio Solution File, Format Version 12.00
# Visual Studio Version 17
VisualStudioVersion = 17.5.2.0
MinimumVisualStudioVersion = 10.0.40219.1
Project("{FAE04EC0-301F-11D3-BF4B-00C04F79EFBC}") = "wpfetch_compagnon_app.Android", "wpfetch_compagnon_app.Android.csproj", "{F5DF5683-05CC-9086-52DB-17F6D3E450BB}"
EndProject
Global
	GlobalSection(SolutionConfigurationPlatforms) = preSolution
		Debug|Any CPU = Debug|Any CPU
		Release|Any CPU = Release|Any CPU
	EndGlobalSection
	GlobalSection(ProjectConfigurationPlatforms) = postSolution
		{F5DF5683-05CC-9086-52DB-17F6D3E450BB}.Debug|Any CPU.ActiveCfg = Debug|Any CPU
		{F5DF5683-05CC-9086-52DB-17F6D3E450BB}.Debug|Any CPU.Build.0 = Debug|Any CPU
		{F5DF5683-05CC-9086-52DB-17F6D3E450BB}.Release|Any CPU.ActiveCfg = Release|Any CPU
		{F5DF5683-05CC-9086-52DB-17F6D3E450BB}.Release|Any CPU.Build.0 = Release|Any CPU
	EndGlobalSection
	GlobalSection(SolutionProperties) = preSolution
		HideSolutionNode = FALSE
	EndGlobalSection
	GlobalSection(ExtensibilityGlobals) = postSolution
		SolutionGuid = {6483A351-8FAD-406C-BAAC-35DCB3DB15CB}
	EndGlobalSection
EndGlobal
